<?xml version="1.0" encoding="utf-8"?>
<Project ToolsVersion="16.0" xmlns="http://schemas.microsoft.com/developer/msbuild/2003">
  <ItemGroup>
    <CustomBuild Include="D:\Projects\Coding\_computer-graphics\_default-libs\glm\CMakeFiles\72f5a680acc71aa4567ce7795dff2e9a\RUN_TESTS_force.rule">
      <Filter>CMake Rules</Filter>
    </CustomBuild>
  </ItemGroup>
  <ItemGroup>
    <Filter Include="CMake Rules">
      <UniqueIdentifier>{BDB03185-9529-3B51-8D6A-15E3F004AFA5}</UniqueIdentifier>
    </Filter>
  </ItemGroup>
</Project>
